
Microsoft Visual Studio Solution File, Format Version 12.00
# Visual Studio 15
VisualStudioVersion = 15.0.27703.2026
MinimumVisualStudioVersion = 10.0.40219.1
Project("{9A19103F-16F7-4668-BE54-9A1E7A4F7556}") = "Samples.Shared", "Samples.Shared\Samples.Shared.csproj", "{E08D3B86-9086-42D3-B4FB-F29966116CAC}"
EndProject
Project("{9A19103F-16F7-4668-BE54-9A1E7A4F7556}") = "Samples.Console", "Samples.Console\Samples.Console.csproj", "{4D096004-27D4-4352-9FD8-7F2B69BE0E86}"
EndProject
Project("{FAE04EC0-301F-11D3-BF4B-00C04F79EFBC}") = "Samples.UsersApi", "Samples.UsersApi\Samples.UsersApi.csproj", "{1825F1C2-8F28-4434-A81E-7ABE7DD12F55}"
EndProject
Project("{9A19103F-16F7-4668-BE54-9A1E7A4F7556}") = "Samples.DoughnutApi", "Samples.DoughnutApi\Samples.DoughnutApi.csproj", "{253A3280-3C1A-4A0B-A07A-8E2BF6F53D86}"
EndProject
Project("{FAE04EC0-301F-11D3-BF4B-00C04F79EFBC}") = "Samples.WebApp", "Samples.WebApp\Samples.WebApp.csproj", "{FD33FB9A-83B3-4993-A33F-8F73209713D6}"
EndProject
Global
	GlobalSection(SolutionConfigurationPlatforms) = preSolution
		Debug|Any CPU = Debug|Any CPU
		Release|Any CPU = Release|Any CPU
	EndGlobalSection
	GlobalSection(ProjectConfigurationPlatforms) = postSolution
		{E08D3B86-9086-42D3-B4FB-F29966116CAC}.Debug|Any CPU.ActiveCfg = Debug|Any CPU
		{E08D3B86-9086-42D3-B4FB-F29966116CAC}.Debug|Any CPU.Build.0 = Debug|Any CPU
		{E08D3B86-9086-42D3-B4FB-F29966116CAC}.Release|Any CPU.ActiveCfg = Release|Any CPU
		{E08D3B86-9086-42D3-B4FB-F29966116CAC}.Release|Any CPU.Build.0 = Release|Any CPU
		{4D096004-27D4-4352-9FD8-7F2B69BE0E86}.Debug|Any CPU.ActiveCfg = Debug|Any CPU
		{4D096004-27D4-4352-9FD8-7F2B69BE0E86}.Debug|Any CPU.Build.0 = Debug|Any CPU
		{4D096004-27D4-4352-9FD8-7F2B69BE0E86}.Release|Any CPU.ActiveCfg = Release|Any CPU
		{4D096004-27D4-4352-9FD8-7F2B69BE0E86}.Release|Any CPU.Build.0 = Release|Any CPU
		{1825F1C2-8F28-4434-A81E-7ABE7DD12F55}.Debug|Any CPU.ActiveCfg = Debug|Any CPU
		{1825F1C2-8F28-4434-A81E-7ABE7DD12F55}.Debug|Any CPU.Build.0 = Debug|Any CPU
		{1825F1C2-8F28-4434-A81E-7ABE7DD12F55}.Release|Any CPU.ActiveCfg = Release|Any CPU
		{1825F1C2-8F28-4434-A81E-7ABE7DD12F55}.Release|Any CPU.Build.0 = Release|Any CPU
		{253A3280-3C1A-4A0B-A07A-8E2BF6F53D86}.Debug|Any CPU.ActiveCfg = Debug|Any CPU
		{253A3280-3C1A-4A0B-A07A-8E2BF6F53D86}.Debug|Any CPU.Build.0 = Debug|Any CPU
		{253A3280-3C1A-4A0B-A07A-8E2BF6F53D86}.Release|Any CPU.ActiveCfg = Release|Any CPU
		{253A3280-3C1A-4A0B-A07A-8E2BF6F53D86}.Release|Any CPU.Build.0 = Release|Any CPU
		{FD33FB9A-83B3-4993-A33F-8F73209713D6}.Debug|Any CPU.ActiveCfg = Debug|Any CPU
		{FD33FB9A-83B3-4993-A33F-8F73209713D6}.Debug|Any CPU.Build.0 = Debug|Any CPU
		{FD33FB9A-83B3-4993-A33F-8F73209713D6}.Release|Any CPU.ActiveCfg = Release|Any CPU
		{FD33FB9A-83B3-4993-A33F-8F73209713D6}.Release|Any CPU.Build.0 = Release|Any CPU
	EndGlobalSection
	GlobalSection(SolutionProperties) = preSolution
		HideSolutionNode = FALSE
	EndGlobalSection
	GlobalSection(ExtensibilityGlobals) = postSolution
		SolutionGuid = {675FD4F2-3115-4DAA-916C-69D7C735E050}
	EndGlobalSection
EndGlobal
