
Microsoft Visual Studio Solution File, Format Version 12.00
# Visual Studio 15
VisualStudioVersion = 15.0.27703.2026
MinimumVisualStudioVersion = 10.0.40219.1
Project("{9A19103F-16F7-4668-BE54-9A1E7A4F7556}") = "Samples.RestApi", "Samples.RestApi\Samples.RestApi.csproj", "{E8F59E73-29EF-4FF6-8819-156813C2453A}"
EndProject
Project("{9A19103F-16F7-4668-BE54-9A1E7A4F7556}") = "Samples.Shared", "Samples.Shared\Samples.Shared.csproj", "{E08D3B86-9086-42D3-B4FB-F29966116CAC}"
EndProject
Project("{9A19103F-16F7-4668-BE54-9A1E7A4F7556}") = "Samples.Console", "Samples.Console\Samples.Console.csproj", "{4D096004-27D4-4352-9FD8-7F2B69BE0E86}"
EndProject
Global
	GlobalSection(SolutionConfigurationPlatforms) = preSolution
		Debug|Any CPU = Debug|Any CPU
		Release|Any CPU = Release|Any CPU
	EndGlobalSection
	GlobalSection(ProjectConfigurationPlatforms) = postSolution
		{E8F59E73-29EF-4FF6-8819-156813C2453A}.Debug|Any CPU.ActiveCfg = Debug|Any CPU
		{E8F59E73-29EF-4FF6-8819-156813C2453A}.Debug|Any CPU.Build.0 = Debug|Any CPU
		{E8F59E73-29EF-4FF6-8819-156813C2453A}.Release|Any CPU.ActiveCfg = Release|Any CPU
		{E8F59E73-29EF-4FF6-8819-156813C2453A}.Release|Any CPU.Build.0 = Release|Any CPU
		{E08D3B86-9086-42D3-B4FB-F29966116CAC}.Debug|Any CPU.ActiveCfg = Debug|Any CPU
		{E08D3B86-9086-42D3-B4FB-F29966116CAC}.Debug|Any CPU.Build.0 = Debug|Any CPU
		{E08D3B86-9086-42D3-B4FB-F29966116CAC}.Release|Any CPU.ActiveCfg = Release|Any CPU
		{E08D3B86-9086-42D3-B4FB-F29966116CAC}.Release|Any CPU.Build.0 = Release|Any CPU
		{4D096004-27D4-4352-9FD8-7F2B69BE0E86}.Debug|Any CPU.ActiveCfg = Debug|Any CPU
		{4D096004-27D4-4352-9FD8-7F2B69BE0E86}.Debug|Any CPU.Build.0 = Debug|Any CPU
		{4D096004-27D4-4352-9FD8-7F2B69BE0E86}.Release|Any CPU.ActiveCfg = Release|Any CPU
		{4D096004-27D4-4352-9FD8-7F2B69BE0E86}.Release|Any CPU.Build.0 = Release|Any CPU
	EndGlobalSection
	GlobalSection(SolutionProperties) = preSolution
		HideSolutionNode = FALSE
	EndGlobalSection
	GlobalSection(ExtensibilityGlobals) = postSolution
		SolutionGuid = {675FD4F2-3115-4DAA-916C-69D7C735E050}
	EndGlobalSection
EndGlobal
